{
    "_meta": {
        "hash": {
            "sha256": "01ebefb595adc4f46727730344ff7ef429ec66d766fcc5bc6b9c485263b0eb41"
        },
        "pipfile-spec": 6,
        "requires": {
            "python_version": "3.7"
        },
        "sources": [
            {
                "name": "pypi",
                "url": "https://pypi.org/simple",
                "verify_ssl": true
            }
        ]
    },
    "default": {
        "marshmallow": {
            "hashes": [
                "sha256:23f684b54b1955ebd5bdfbdda4062e438ef86218f14f1a356f570cdf0c016ab3",
                "sha256:fcfc9ffd75a883da06f30f604a4e81dd0b56eb9438f4d0a8de6bbaa163ce9ec3"
            ],
            "index": "pypi",
            "version": "==3.0.1"
        }
    },
    "develop": {}
}
